
Microsoft Visual Studio Solution File, Format Version 12.00
# Visual Studio Version 16
VisualStudioVersion = 16.0.31321.278
MinimumVisualStudioVersion = 10.0.40219.1
Project("{FAE04EC0-301F-11D3-BF4B-00C04F79EFBC}") = "OddEven", "OddEven\OddEven.csproj", "{91E53C67-595D-42CC-AEC8-B6A4574E91FE}"
EndProject
Global
	GlobalSection(SolutionConfigurationPlatforms) = preSolution
		Debug|Any CPU = Debug|Any CPU
		Release|Any CPU = Release|Any CPU
	EndGlobalSection
	GlobalSection(ProjectConfigurationPlatforms) = postSolution
		{91E53C67-595D-42CC-AEC8-B6A4574E91FE}.Debug|Any CPU.ActiveCfg = Debug|Any CPU
		{91E53C67-595D-42CC-AEC8-B6A4574E91FE}.Debug|Any CPU.Build.0 = Debug|Any CPU
		{91E53C67-595D-42CC-AEC8-B6A4574E91FE}.Release|Any CPU.ActiveCfg = Release|Any CPU
		{91E53C67-595D-42CC-AEC8-B6A4574E91FE}.Release|Any CPU.Build.0 = Release|Any CPU
	EndGlobalSection
	GlobalSection(SolutionProperties) = preSolution
		HideSolutionNode = FALSE
	EndGlobalSection
	GlobalSection(ExtensibilityGlobals) = postSolution
		SolutionGuid = {DD0999B7-7B29-4CAE-BFCC-0DB7C76F0BAE}
	EndGlobalSection
EndGlobal
